
Microsoft Visual Studio Solution File, Format Version 12.00
# Visual Studio Version 17
VisualStudioVersion = 17.9.34622.214
MinimumVisualStudioVersion = 10.0.40219.1
Project("{FAE04EC0-301F-11D3-BF4B-00C04F79EFBC}") = "MoviesAPI", "MoviesAPI\MoviesAPI.csproj", "{E4C88E0C-EAFC-453D-ABF9-75E6195B16DF}"
EndProject
Global
	GlobalSection(SolutionConfigurationPlatforms) = preSolution
		Debug|Any CPU = Debug|Any CPU
		Release|Any CPU = Release|Any CPU
	EndGlobalSection
	GlobalSection(ProjectConfigurationPlatforms) = postSolution
		{E4C88E0C-EAFC-453D-ABF9-75E6195B16DF}.Debug|Any CPU.ActiveCfg = Debug|Any CPU
		{E4C88E0C-EAFC-453D-ABF9-75E6195B16DF}.Debug|Any CPU.Build.0 = Debug|Any CPU
		{E4C88E0C-EAFC-453D-ABF9-75E6195B16DF}.Release|Any CPU.ActiveCfg = Release|Any CPU
		{E4C88E0C-EAFC-453D-ABF9-75E6195B16DF}.Release|Any CPU.Build.0 = Release|Any CPU
	EndGlobalSection
	GlobalSection(SolutionProperties) = preSolution
		HideSolutionNode = FALSE
	EndGlobalSection
	GlobalSection(ExtensibilityGlobals) = postSolution
		SolutionGuid = {CEC7AB11-7CC2-45F1-8A06-46F0857EFA33}
	EndGlobalSection
EndGlobal
